
Microsoft Visual Studio Solution File, Format Version 12.00
# Visual Studio Version 17
VisualStudioVersion = 17.14.36429.23 d17.14
MinimumVisualStudioVersion = 10.0.40219.1
Project("{FAE04EC0-301F-11D3-BF4B-00C04F79EFBC}") = "TPLTask3", "TPLTask3\TPLTask3.csproj", "{5E95C993-57AC-4EA1-8DDD-C168A3DAA332}"
EndProject
Global
	GlobalSection(SolutionConfigurationPlatforms) = preSolution
		Debug|Any CPU = Debug|Any CPU
		Release|Any CPU = Release|Any CPU
	EndGlobalSection
	GlobalSection(ProjectConfigurationPlatforms) = postSolution
		{5E95C993-57AC-4EA1-8DDD-C168A3DAA332}.Debug|Any CPU.ActiveCfg = Debug|Any CPU
		{5E95C993-57AC-4EA1-8DDD-C168A3DAA332}.Debug|Any CPU.Build.0 = Debug|Any CPU
		{5E95C993-57AC-4EA1-8DDD-C168A3DAA332}.Release|Any CPU.ActiveCfg = Release|Any CPU
		{5E95C993-57AC-4EA1-8DDD-C168A3DAA332}.Release|Any CPU.Build.0 = Release|Any CPU
	EndGlobalSection
	GlobalSection(SolutionProperties) = preSolution
		HideSolutionNode = FALSE
	EndGlobalSection
	GlobalSection(ExtensibilityGlobals) = postSolution
		SolutionGuid = {6AA06AD7-E385-4C37-8374-5FDE2525173A}
	EndGlobalSection
EndGlobal
